
Microsoft Visual Studio Solution File, Format Version 12.00
# Visual Studio 14
VisualStudioVersion = 14.0.25420.1
MinimumVisualStudioVersion = 10.0.40219.1
Project("{FAE04EC0-301F-11D3-BF4B-00C04F79EFBC}") = "Assignment2", "Assignment2\Assignment2.csproj", "{1DE99EEA-94E4-4152-84AD-C715E7E746D0}"
EndProject
Project("{FAE04EC0-301F-11D3-BF4B-00C04F79EFBC}") = "Assignment2.Tests", "Assignment2.Tests\Assignment2.Tests.csproj", "{4680AB88-E2A1-4CBF-A95F-639164F931CA}"
EndProject
Global
	GlobalSection(SolutionConfigurationPlatforms) = preSolution
		Debug|Any CPU = Debug|Any CPU
		Release|Any CPU = Release|Any CPU
	EndGlobalSection
	GlobalSection(ProjectConfigurationPlatforms) = postSolution
		{1DE99EEA-94E4-4152-84AD-C715E7E746D0}.Debug|Any CPU.ActiveCfg = Debug|Any CPU
		{1DE99EEA-94E4-4152-84AD-C715E7E746D0}.Debug|Any CPU.Build.0 = Debug|Any CPU
		{1DE99EEA-94E4-4152-84AD-C715E7E746D0}.Release|Any CPU.ActiveCfg = Release|Any CPU
		{1DE99EEA-94E4-4152-84AD-C715E7E746D0}.Release|Any CPU.Build.0 = Release|Any CPU
		{4680AB88-E2A1-4CBF-A95F-639164F931CA}.Debug|Any CPU.ActiveCfg = Debug|Any CPU
		{4680AB88-E2A1-4CBF-A95F-639164F931CA}.Debug|Any CPU.Build.0 = Debug|Any CPU
		{4680AB88-E2A1-4CBF-A95F-639164F931CA}.Release|Any CPU.ActiveCfg = Release|Any CPU
		{4680AB88-E2A1-4CBF-A95F-639164F931CA}.Release|Any CPU.Build.0 = Release|Any CPU
	EndGlobalSection
	GlobalSection(SolutionProperties) = preSolution
		HideSolutionNode = FALSE
	EndGlobalSection
EndGlobal
